
Microsoft Visual Studio Solution File, Format Version 12.00
# Visual Studio 15
VisualStudioVersion = 15.0.28307.757
MinimumVisualStudioVersion = 10.0.40219.1
Project("{8BC9CEB8-8B4A-11D0-8D11-00A0C91BC942}") = "Instancing", "Instancing\Instancing.vcxproj", "{D263037E-59D6-40E5-A435-203BA4A53C94}"
EndProject
Global
	GlobalSection(SolutionConfigurationPlatforms) = preSolution
		Debug|x64 = Debug|x64
		Debug|x86 = Debug|x86
		Release|x64 = Release|x64
		Release|x86 = Release|x86
	EndGlobalSection
	GlobalSection(ProjectConfigurationPlatforms) = postSolution
		{D263037E-59D6-40E5-A435-203BA4A53C94}.Debug|x64.ActiveCfg = Debug|x64
		{D263037E-59D6-40E5-A435-203BA4A53C94}.Debug|x64.Build.0 = Debug|x64
		{D263037E-59D6-40E5-A435-203BA4A53C94}.Debug|x86.ActiveCfg = Debug|Win32
		{D263037E-59D6-40E5-A435-203BA4A53C94}.Debug|x86.Build.0 = Debug|Win32
		{D263037E-59D6-40E5-A435-203BA4A53C94}.Release|x64.ActiveCfg = Release|x64
		{D263037E-59D6-40E5-A435-203BA4A53C94}.Release|x64.Build.0 = Release|x64
		{D263037E-59D6-40E5-A435-203BA4A53C94}.Release|x86.ActiveCfg = Release|Win32
		{D263037E-59D6-40E5-A435-203BA4A53C94}.Release|x86.Build.0 = Release|Win32
	EndGlobalSection
	GlobalSection(SolutionProperties) = preSolution
		HideSolutionNode = FALSE
	EndGlobalSection
	GlobalSection(ExtensibilityGlobals) = postSolution
		SolutionGuid = {AEFFF7B0-B8BB-4D5D-822F-63E925FAFF55}
	EndGlobalSection
EndGlobal
